
Microsoft Visual Studio Solution File, Format Version 12.00
Project("{FAE04EC0-301F-11D3-BF4B-00C04F79EFBC}") = "WEB_353501_Gruganov.UI", "WEB_353501_Gruganov.UI\WEB_353501_Gruganov.UI.csproj", "{D98D6434-A179-400B-9BED-E6F030EF7A69}"
EndProject
Project("{FAE04EC0-301F-11D3-BF4B-00C04F79EFBC}") = "WEB_353501_Gruganov.Domain", "WEB_353501_Gruganov.Domain\WEB_353501_Gruganov.Domain.csproj", "{4063A5A9-DA3D-450F-835E-1A0C6F8827D3}"
EndProject
Project("{FAE04EC0-301F-11D3-BF4B-00C04F79EFBC}") = "WEB_353501_Gruganov.API", "WEB_353501_Gruganov.API\WEB_353501_Gruganov.API.csproj", "{87AD9FEB-1F1B-43CB-B070-2E90333C56EC}"
EndProject
Project("{FAE04EC0-301F-11D3-BF4B-00C04F79EFBC}") = "WEB_353501_Gruganov.Tests", "WEB_353501_Gruganov.Tests\WEB_353501_Gruganov.Tests.csproj", "{9D49B5C6-292F-4803-8C57-1E700B22F52B}"
EndProject
Global
	GlobalSection(SolutionConfigurationPlatforms) = preSolution
		Debug|Any CPU = Debug|Any CPU
		Release|Any CPU = Release|Any CPU
	EndGlobalSection
	GlobalSection(ProjectConfigurationPlatforms) = postSolution
		{D98D6434-A179-400B-9BED-E6F030EF7A69}.Debug|Any CPU.ActiveCfg = Debug|Any CPU
		{D98D6434-A179-400B-9BED-E6F030EF7A69}.Debug|Any CPU.Build.0 = Debug|Any CPU
		{D98D6434-A179-400B-9BED-E6F030EF7A69}.Release|Any CPU.ActiveCfg = Release|Any CPU
		{D98D6434-A179-400B-9BED-E6F030EF7A69}.Release|Any CPU.Build.0 = Release|Any CPU
		{4063A5A9-DA3D-450F-835E-1A0C6F8827D3}.Debug|Any CPU.ActiveCfg = Debug|Any CPU
		{4063A5A9-DA3D-450F-835E-1A0C6F8827D3}.Debug|Any CPU.Build.0 = Debug|Any CPU
		{4063A5A9-DA3D-450F-835E-1A0C6F8827D3}.Release|Any CPU.ActiveCfg = Release|Any CPU
		{4063A5A9-DA3D-450F-835E-1A0C6F8827D3}.Release|Any CPU.Build.0 = Release|Any CPU
		{87AD9FEB-1F1B-43CB-B070-2E90333C56EC}.Debug|Any CPU.ActiveCfg = Debug|Any CPU
		{87AD9FEB-1F1B-43CB-B070-2E90333C56EC}.Debug|Any CPU.Build.0 = Debug|Any CPU
		{87AD9FEB-1F1B-43CB-B070-2E90333C56EC}.Release|Any CPU.ActiveCfg = Release|Any CPU
		{87AD9FEB-1F1B-43CB-B070-2E90333C56EC}.Release|Any CPU.Build.0 = Release|Any CPU
		{9D49B5C6-292F-4803-8C57-1E700B22F52B}.Debug|Any CPU.ActiveCfg = Debug|Any CPU
		{9D49B5C6-292F-4803-8C57-1E700B22F52B}.Debug|Any CPU.Build.0 = Debug|Any CPU
		{9D49B5C6-292F-4803-8C57-1E700B22F52B}.Release|Any CPU.ActiveCfg = Release|Any CPU
		{9D49B5C6-292F-4803-8C57-1E700B22F52B}.Release|Any CPU.Build.0 = Release|Any CPU
	EndGlobalSection
EndGlobal
